{
  "name": "npm-package",
  "version": "1.0.0",
  "lockfileVersion": 3,
  "requires": true,
  "packages": {
    "": {
      "name": "npm-package",
      "version": "1.0.0",
      "license": "ISC",
      "dependencies": {
        "a": "1.0.0"
      }
    },
    "node_modules/a": {
      "version": "1.0.0",
      "integrity": "sha512-RUQ9/8WXBcC9FKIkjROXvD+cTFaJwLBJa3gGKWl4E4o12vUUJFyfz5Sr+HkJkGH3FdsMXCKZgmtXBB2a1myhGg==",
      "dependencies": {
        "a_mock": "1.0.0",
        "a_test": "0.1.9"
      },
      "bin": {
        "a": "node_modules/a_test/bin/a.js",
        "when": "node_modules/a_test/bin/rt.js"
      }
    }
  }
}
